# This file is autogenerated, do not edit; changes may be undone by the next 'dep ensure'.


[[projects]]
  branch = "master"
  name = "code.cloudfoundry.org/commandrunner"
  packages = [
    ".",
    "fake_command_runner",
    "linux_command_runner"
  ]
  revision = "501fd662150bcea5a42a9b5c1c283209720788c3"

[[projects]]
  branch = "master"
  name = "github.com/JulzDiverse/goml"
  packages = ["."]
  revision = "0cea11a28f6da471b76c38ad9556d3d0869c33f3"

[[projects]]
  branch = "master"
  name = "github.com/JulzDiverse/mingoak"
  packages = ["."]
  revision = "e826f968fdbd988d52d263248c6d98acce626bf3"

[[projects]]
  branch = "master"
  name = "github.com/JulzDiverse/osenv"
  packages = ["."]
  revision = "03a96da46df6873d08924dc3e6482caf0f3ceb19"

[[projects]]
  name = "github.com/Knetic/govaluate"
  packages = ["."]
  revision = "93a54c2584a8b78856230ea1d31cfa2b61693721"

[[projects]]
  branch = "master"
  name = "github.com/cppforlife/go-patch"
  packages = ["patch"]
  revision = "250da0e0e68ce3367b4302f34218f6c064eb9559"

[[projects]]
  branch = "master"
  name = "github.com/geofffranks/simpleyaml"
  packages = ["."]
  revision = "c9320f076de50350542482dfe99e66c8732a426f"

[[projects]]
  name = "github.com/geofffranks/spruce"
  packages = [
    ".",
    "log"
  ]
  revision = "133dd34c71cd2dd46457e146d2e0e6e525da3ecc"
  version = "v1.18.2"

[[projects]]
  branch = "v2"
  name = "github.com/geofffranks/yaml"
  packages = ["."]
  revision = "9f2fe4b6f2957db3a5e43179ecfa1a10fd3bc2f9"

[[projects]]
  name = "github.com/mattn/go-isatty"
  packages = ["."]
  revision = "fc9e8d8ef48496124e79ae0df75490096eccf6fe"
  version = "v0.0.2"

[[projects]]
  name = "github.com/onsi/ginkgo"
  packages = [
    ".",
    "config",
    "internal/codelocation",
    "internal/containernode",
    "internal/failer",
    "internal/leafnodes",
    "internal/remote",
    "internal/spec",
    "internal/spec_iterator",
    "internal/specrunner",
    "internal/suite",
    "internal/testingtproxy",
    "internal/writer",
    "reporters",
    "reporters/stenographer",
    "reporters/stenographer/support/go-colorable",
    "reporters/stenographer/support/go-isatty",
    "types"
  ]
  revision = "11459a886d9cd66b319dac7ef1e917ee221372c9"

[[projects]]
  name = "github.com/onsi/gomega"
  packages = [
    ".",
    "format",
    "internal/assertion",
    "internal/asyncassertion",
    "internal/oraclematcher",
    "internal/testingtsupport",
    "matchers",
    "matchers/support/goraph/bipartitegraph",
    "matchers/support/goraph/edge",
    "matchers/support/goraph/node",
    "matchers/support/goraph/util",
    "types"
  ]
  revision = "dcabb60a477c2b6f456df65037cb6708210fbb02"

[[projects]]
  name = "github.com/pkg/errors"
  packages = ["."]
  revision = "c605e284fe17294bda444b34710735b29d1a9d90"

[[projects]]
  name = "github.com/smallfish/simpleyaml"
  packages = ["."]
  revision = "116d8e577389d62b8f83df98852be7889fd2cea4"

[[projects]]
  name = "github.com/starkandwayne/goutils"
  packages = [
    "ansi",
    "tree"
  ]
  revision = "2c96629058fe59038b1f090194d047ecf0194045"

[[projects]]
  name = "github.com/urfave/cli"
  packages = ["."]
  revision = "0bdeddeeb0f650497d603c4ad7b20cfe685682f6"
  version = "v1.19.1"

[[projects]]
  branch = "master"
  name = "github.com/ziutek/utils"
  packages = ["netaddr"]
  revision = "d8fe304b0db2bae8e6709e46d19b355926c9f7fc"

[[projects]]
  name = "golang.org/x/net"
  packages = [
    "html",
    "html/atom",
    "html/charset"
  ]
  revision = "66aacef3dd8a676686c7ae3716979581e8b03c47"

[[projects]]
  name = "golang.org/x/sys"
  packages = ["unix"]
  revision = "f3918c30c5c2cb527c0b071a27c35120a6c0719a"

[[projects]]
  name = "golang.org/x/text"
  packages = [
    "encoding",
    "encoding/charmap",
    "encoding/htmlindex",
    "encoding/internal",
    "encoding/internal/identifier",
    "encoding/japanese",
    "encoding/korean",
    "encoding/simplifiedchinese",
    "encoding/traditionalchinese",
    "encoding/unicode",
    "internal/gen",
    "internal/tag",
    "internal/utf8internal",
    "language",
    "runes",
    "transform",
    "unicode/cldr"
  ]
  revision = "bd91bbf73e9a4a801adbfb97133c992678533126"

[[projects]]
  name = "gopkg.in/yaml.v2"
  packages = ["."]
  revision = "e4d366fc3c7938e2958e662b4258c7a89e1f0e3e"

[solve-meta]
  analyzer-name = "dep"
  analyzer-version = 1
  inputs-digest = "13177f7531edcad04774e6e7640296debddb7f2a2d0d55cd3dca33f2210330ff"
  solver-name = "gps-cdcl"
  solver-version = 1
