# This file is autogenerated, do not edit; changes may be undone by the next 'dep ensure'.


[[projects]]
  branch = "master"
  digest = "1:ba4dc4d27a654d6fd5572c672728f27cdea4878b87521548429823dae48e9319"
  name = "github.com/JulzDiverse/goml"
  packages = ["."]
  pruneopts = ""
  revision = "0cea11a28f6da471b76c38ad9556d3d0869c33f3"

[[projects]]
  branch = "master"
  digest = "1:21eeae8ff465befc115dca5ecfd1818260b5c32b960f4be51bc2f01305508705"
  name = "github.com/JulzDiverse/mingoak"
  packages = ["."]
  pruneopts = ""
  revision = "e826f968fdbd988d52d263248c6d98acce626bf3"

[[projects]]
  branch = "master"
  digest = "1:204ae65550f1124a9c284849e6201f83141ad89573bba45b110572804f23443e"
  name = "github.com/JulzDiverse/osenv"
  packages = ["."]
  pruneopts = ""
  revision = "03a96da46df6873d08924dc3e6482caf0f3ceb19"

[[projects]]
  digest = "1:ea347d5f75865e2a2db52fccf779ce5019dcc393da1c8de9960e5b1508708c8e"
  name = "github.com/Knetic/govaluate"
  packages = ["."]
  pruneopts = ""
  revision = "93a54c2584a8b78856230ea1d31cfa2b61693721"

[[projects]]
  digest = "1:0282b253b2bfb86a55e3ab6c6a2ddaea8852a3c0fc8121a8c9a6ff6efd3a352b"
  name = "github.com/aws/aws-sdk-go"
  packages = [
    "aws",
    "aws/awserr",
    "aws/awsutil",
    "aws/client",
    "aws/client/metadata",
    "aws/corehandlers",
    "aws/credentials",
    "aws/credentials/ec2rolecreds",
    "aws/credentials/endpointcreds",
    "aws/credentials/processcreds",
    "aws/credentials/stscreds",
    "aws/csm",
    "aws/defaults",
    "aws/ec2metadata",
    "aws/endpoints",
    "aws/request",
    "aws/session",
    "aws/signer/v4",
    "internal/context",
    "internal/ini",
    "internal/sdkio",
    "internal/sdkmath",
    "internal/sdkrand",
    "internal/sdkuri",
    "internal/shareddefaults",
    "internal/strings",
    "internal/sync/singleflight",
    "private/protocol",
    "private/protocol/json/jsonutil",
    "private/protocol/jsonrpc",
    "private/protocol/query",
    "private/protocol/query/queryutil",
    "private/protocol/rest",
    "private/protocol/xml/xmlutil",
    "service/secretsmanager",
    "service/secretsmanager/secretsmanageriface",
    "service/ssm",
    "service/ssm/ssmiface",
    "service/sts",
    "service/sts/stsiface",
  ]
  pruneopts = ""
  revision = "8e96fdf94cdefd46f17f156bfb1a6d251e99fdee"
  version = "v1.31.15"

[[projects]]
  branch = "master"
  digest = "1:42b3a2d7ba0b73167c36afd915f282013dba0b9dbe4516027aaaa314fb86ac52"
  name = "github.com/cloudfoundry-community/vaultkv"
  packages = ["."]
  pruneopts = ""
  revision = "343c0e6fc506c7561969fab1c0a262235120edd3"

[[projects]]
  branch = "master"
  digest = "1:4807773e1f31b4b1fdd99e4e91a7612933a9bcd40a4e8f6172bd4ddd25054861"
  name = "github.com/cppforlife/go-patch"
  packages = ["patch"]
  pruneopts = ""
  revision = "250da0e0e68ce3367b4302f34218f6c064eb9559"

[[projects]]
  branch = "master"
  digest = "1:5f21ae4f99deb4d5b01658b3a1ee86ebda21f0bf88c976cf5f36de56fa52b2e8"
  name = "github.com/geofffranks/simpleyaml"
  packages = ["."]
  pruneopts = ""
  revision = "c9320f076de50350542482dfe99e66c8732a426f"

[[projects]]
  digest = "1:e10cc8dd722ca93b47a8ad42c00b0df163ad23c97abcffa78262a0a97cee4f3e"
  name = "github.com/geofffranks/spruce"
  packages = [
    ".",
    "log",
  ]
  pruneopts = ""
  revision = "137955922872688b29413709a62df5cdf40e8b34"
  version = "v1.25.3"

[[projects]]
  branch = "v2"
  digest = "1:2136d42186d31ff3f9a3ab639362870d2be1e475f03c0af2fbd67f32cbf4f1fe"
  name = "github.com/geofffranks/yaml"
  packages = ["."]
  pruneopts = ""
  revision = "9f2fe4b6f2957db3a5e43179ecfa1a10fd3bc2f9"

[[projects]]
  digest = "1:13fe471d0ed891e8544eddfeeb0471fd3c9f2015609a1c000aefdedf52a19d40"
  name = "github.com/jmespath/go-jmespath"
  packages = ["."]
  pruneopts = ""
  revision = "c2b33e84"

[[projects]]
  digest = "1:420bb8eabfa6dff0cb5c8e786489a420e7e9d93a8b1d83882cce70c5a5b9bc3e"
  name = "github.com/mattn/go-isatty"
  packages = ["."]
  pruneopts = ""
  revision = "fc9e8d8ef48496124e79ae0df75490096eccf6fe"
  version = "v0.0.2"

[[projects]]
  digest = "1:bead8885f9e031b055d9fd2d9f21e7926b0c749b1e6d658d59e427aba0bedbfe"
  name = "github.com/onsi/ginkgo"
  packages = [
    ".",
    "config",
    "internal/codelocation",
    "internal/containernode",
    "internal/failer",
    "internal/leafnodes",
    "internal/remote",
    "internal/spec",
    "internal/spec_iterator",
    "internal/specrunner",
    "internal/suite",
    "internal/testingtproxy",
    "internal/writer",
    "reporters",
    "reporters/stenographer",
    "reporters/stenographer/support/go-colorable",
    "reporters/stenographer/support/go-isatty",
    "types",
  ]
  pruneopts = ""
  revision = "11459a886d9cd66b319dac7ef1e917ee221372c9"

[[projects]]
  digest = "1:32bf7c22a803f6526a0aa37ffa709355566340765608456f09f0da09ddf5c9b0"
  name = "github.com/onsi/gomega"
  packages = [
    ".",
    "format",
    "internal/assertion",
    "internal/asyncassertion",
    "internal/oraclematcher",
    "internal/testingtsupport",
    "matchers",
    "matchers/support/goraph/bipartitegraph",
    "matchers/support/goraph/edge",
    "matchers/support/goraph/node",
    "matchers/support/goraph/util",
    "types",
  ]
  pruneopts = ""
  revision = "dcabb60a477c2b6f456df65037cb6708210fbb02"

[[projects]]
  digest = "1:3feb34391c5d3f22c7aea09e6c04caae198a9cd196d33e2af11e371296523e7e"
  name = "github.com/pkg/errors"
  packages = ["."]
  pruneopts = ""
  revision = "c605e284fe17294bda444b34710735b29d1a9d90"

[[projects]]
  digest = "1:1eb696bff84547770e09dd8c8ac6c5f2bdab9d7b49866bc2e83eb5c7da4ef626"
  name = "github.com/smallfish/simpleyaml"
  packages = ["."]
  pruneopts = ""
  revision = "116d8e577389d62b8f83df98852be7889fd2cea4"

[[projects]]
  digest = "1:c7c764c4963f732e3a8f3835dfae5c5434bfed370b4acf9ed32a99e90d3e5d40"
  name = "github.com/starkandwayne/goutils"
  packages = [
    "ansi",
    "tree",
  ]
  pruneopts = ""
  revision = "2c96629058fe59038b1f090194d047ecf0194045"

[[projects]]
  digest = "1:6cd26dec5142a0e6a6bf8931df56b706cb643bf7f91fb3a064792f07fea94704"
  name = "github.com/urfave/cli"
  packages = ["."]
  pruneopts = ""
  revision = "0bdeddeeb0f650497d603c4ad7b20cfe685682f6"
  version = "v1.19.1"

[[projects]]
  branch = "master"
  digest = "1:23cf84d9d80f95fbc4e1dd249a56b1a66ade442a3f29e655f87c4bc57ec88a35"
  name = "github.com/ziutek/utils"
  packages = ["netaddr"]
  pruneopts = ""
  revision = "d8fe304b0db2bae8e6709e46d19b355926c9f7fc"

[[projects]]
  digest = "1:ac3ee562ea184c7b47276d00d7bec2a0ac19fd87451125d57a432a934e65a6e4"
  name = "golang.org/x/net"
  packages = [
    "html",
    "html/atom",
    "html/charset",
  ]
  pruneopts = ""
  revision = "66aacef3dd8a676686c7ae3716979581e8b03c47"

[[projects]]
  digest = "1:2a92162eb47f9872e00a1fd1aaa350c457f716403fdf30d9cd2d670664be6a46"
  name = "golang.org/x/sys"
  packages = ["unix"]
  pruneopts = ""
  revision = "f3918c30c5c2cb527c0b071a27c35120a6c0719a"

[[projects]]
  digest = "1:653926785eac385fd1d61dc16360a5194c68d4bf2541234363a9375d2e88a039"
  name = "golang.org/x/text"
  packages = [
    "encoding",
    "encoding/charmap",
    "encoding/htmlindex",
    "encoding/internal",
    "encoding/internal/identifier",
    "encoding/japanese",
    "encoding/korean",
    "encoding/simplifiedchinese",
    "encoding/traditionalchinese",
    "encoding/unicode",
    "internal/gen",
    "internal/tag",
    "internal/utf8internal",
    "language",
    "runes",
    "transform",
    "unicode/cldr",
  ]
  pruneopts = ""
  revision = "bd91bbf73e9a4a801adbfb97133c992678533126"

[[projects]]
  digest = "1:59925e8b791ee90b60e4dc05099d34fd38d0922a2a8f9b4e700cb61fc421e6b2"
  name = "gopkg.in/yaml.v2"
  packages = ["."]
  pruneopts = ""
  revision = "e4d366fc3c7938e2958e662b4258c7a89e1f0e3e"

[solve-meta]
  analyzer-name = "dep"
  analyzer-version = 1
  input-imports = [
    "github.com/JulzDiverse/goml",
    "github.com/JulzDiverse/mingoak",
    "github.com/JulzDiverse/osenv",
    "github.com/cppforlife/go-patch/patch",
    "github.com/geofffranks/simpleyaml",
    "github.com/geofffranks/spruce",
    "github.com/onsi/ginkgo",
    "github.com/onsi/gomega",
    "github.com/pkg/errors",
    "github.com/starkandwayne/goutils/ansi",
    "github.com/urfave/cli",
    "gopkg.in/yaml.v2",
  ]
  solver-name = "gps-cdcl"
  solver-version = 1
